// !$*UTF8*$!
{
	archiveVersion = 1;
	classes = {
	};
	objectVersion = 48;
	objects = {

/* Begin PBXBuildFile section */
		C522600E20EDB6DF00CEFB2F /* YYDragCellVC.m in Sources */ = {isa = PBXBuildFile; fileRef = C522600D20EDB6DF00CEFB2F /* YYDragCellVC.m */; };
		C522601320EDBC1700CEFB2F /* YYDragCellType1VC.m in Sources */ = {isa = PBXBuildFile; fileRef = C522601220EDBC1700CEFB2F /* YYDragCellType1VC.m */; };
		C522601720EDBEBF00CEFB2F /* YYFlowLayout.m in Sources */ = {isa = PBXBuildFile; fileRef = C522601620EDBEBF00CEFB2F /* YYFlowLayout.m */; };
		C522601D20EDC90C00CEFB2F /* IMEditItemCell.m in Sources */ = {isa = PBXBuildFile; fileRef = C522601B20EDC90C00CEFB2F /* IMEditItemCell.m */; };
		C5CD8EEF20ECF2DE0074F18F /* libMySDK.a in Frameworks */ = {isa = PBXBuildFile; fileRef = C5CD8EF020ECF2DE0074F18F /* libMySDK.a */; };
		C5FE1E0220ECF1CA00D45CD2 /* AppDelegate.m in Sources */ = {isa = PBXBuildFile; fileRef = C5FE1E0120ECF1CA00D45CD2 /* AppDelegate.m */; };
		C5FE1E0520ECF1CA00D45CD2 /* ViewController.m in Sources */ = {isa = PBXBuildFile; fileRef = C5FE1E0420ECF1CA00D45CD2 /* ViewController.m */; };
		C5FE1E0820ECF1CA00D45CD2 /* Main.storyboard in Resources */ = {isa = PBXBuildFile; fileRef = C5FE1E0620ECF1CA00D45CD2 /* Main.storyboard */; };
		C5FE1E0A20ECF1CA00D45CD2 /* Assets.xcassets in Resources */ = {isa = PBXBuildFile; fileRef = C5FE1E0920ECF1CA00D45CD2 /* Assets.xcassets */; };
		C5FE1E0D20ECF1CA00D45CD2 /* LaunchScreen.storyboard in Resources */ = {isa = PBXBuildFile; fileRef = C5FE1E0B20ECF1CA00D45CD2 /* LaunchScreen.storyboard */; };
		C5FE1E1020ECF1CA00D45CD2 /* main.m in Sources */ = {isa = PBXBuildFile; fileRef = C5FE1E0F20ECF1CA00D45CD2 /* main.m */; };
		C5FE1E1A20ECF1CA00D45CD2 /* CollectionViewTestTests.m in Sources */ = {isa = PBXBuildFile; fileRef = C5FE1E1920ECF1CA00D45CD2 /* CollectionViewTestTests.m */; };
		C5FE1E2520ECF1CA00D45CD2 /* CollectionViewTestUITests.m in Sources */ = {isa = PBXBuildFile; fileRef = C5FE1E2420ECF1CA00D45CD2 /* CollectionViewTestUITests.m */; };
		C8C79E1233F64060CC0C8515 /* libPods-CollectionViewTest.a in Frameworks */ = {isa = PBXBuildFile; fileRef = 971F92ECC4BE4C3E5132C42A /* libPods-CollectionViewTest.a */; };
/* End PBXBuildFile section */

/* Begin PBXContainerItemProxy section */
		C5FE1E1620ECF1CA00D45CD2 /* PBXContainerItemProxy */ = {
			isa = PBXContainerItemProxy;
			containerPortal = C5FE1DF520ECF1CA00D45CD2 /* Project object */;
			proxyType = 1;
			remoteGlobalIDString = C5FE1DFC20ECF1CA00D45CD2;
			remoteInfo = CollectionViewTest;
		};
		C5FE1E2120ECF1CA00D45CD2 /* PBXContainerItemProxy */ = {
			isa = PBXContainerItemProxy;
			containerPortal = C5FE1DF520ECF1CA00D45CD2 /* Project object */;
			proxyType = 1;
			remoteGlobalIDString = C5FE1DFC20ECF1CA00D45CD2;
			remoteInfo = CollectionViewTest;
		};
/* End PBXContainerItemProxy section */

/* Begin PBXFileReference section */
		0A3A3697C473E9B767231FFC /* Pods-CollectionViewTest.debug.xcconfig */ = {isa = PBXFileReference; includeInIndex = 1; lastKnownFileType = text.xcconfig; name = "Pods-CollectionViewTest.debug.xcconfig"; path = "../Pods/Target Support Files/Pods-CollectionViewTest/Pods-CollectionViewTest.debug.xcconfig"; sourceTree = "<group>"; };
		88833E1B291527549506F4DC /* Pods-CollectionViewTest.release.xcconfig */ = {isa = PBXFileReference; includeInIndex = 1; lastKnownFileType = text.xcconfig; name = "Pods-CollectionViewTest.release.xcconfig"; path = "../Pods/Target Support Files/Pods-CollectionViewTest/Pods-CollectionViewTest.release.xcconfig"; sourceTree = "<group>"; };
		971F92ECC4BE4C3E5132C42A /* libPods-CollectionViewTest.a */ = {isa = PBXFileReference; explicitFileType = archive.ar; includeInIndex = 0; path = "libPods-CollectionViewTest.a"; sourceTree = BUILT_PRODUCTS_DIR; };
		C522600A20EDAAA000CEFB2F /* UtilMarco.pch */ = {isa = PBXFileReference; lastKnownFileType = sourcecode.c.h; path = UtilMarco.pch; sourceTree = "<group>"; };
		C522600C20EDB6DF00CEFB2F /* YYDragCellVC.h */ = {isa = PBXFileReference; lastKnownFileType = sourcecode.c.h; path = YYDragCellVC.h; sourceTree = "<group>"; };
		C522600D20EDB6DF00CEFB2F /* YYDragCellVC.m */ = {isa = PBXFileReference; lastKnownFileType = sourcecode.c.objc; path = YYDragCellVC.m; sourceTree = "<group>"; };
		C522601120EDBC1700CEFB2F /* YYDragCellType1VC.h */ = {isa = PBXFileReference; lastKnownFileType = sourcecode.c.h; path = YYDragCellType1VC.h; sourceTree = "<group>"; };
		C522601220EDBC1700CEFB2F /* YYDragCellType1VC.m */ = {isa = PBXFileReference; lastKnownFileType = sourcecode.c.objc; path = YYDragCellType1VC.m; sourceTree = "<group>"; };
		C522601520EDBEBF00CEFB2F /* YYFlowLayout.h */ = {isa = PBXFileReference; lastKnownFileType = sourcecode.c.h; path = YYFlowLayout.h; sourceTree = "<group>"; };
		C522601620EDBEBF00CEFB2F /* YYFlowLayout.m */ = {isa = PBXFileReference; lastKnownFileType = sourcecode.c.objc; path = YYFlowLayout.m; sourceTree = "<group>"; };
		C522601820EDC10A00CEFB2F /* YYUICommonDefines.h */ = {isa = PBXFileReference; lastKnownFileType = sourcecode.c.h; path = YYUICommonDefines.h; sourceTree = "<group>"; };
		C522601B20EDC90C00CEFB2F /* IMEditItemCell.m */ = {isa = PBXFileReference; fileEncoding = 4; lastKnownFileType = sourcecode.c.objc; path = IMEditItemCell.m; sourceTree = "<group>"; };
		C522601C20EDC90C00CEFB2F /* IMEditItemCell.h */ = {isa = PBXFileReference; fileEncoding = 4; lastKnownFileType = sourcecode.c.h; path = IMEditItemCell.h; sourceTree = "<group>"; };
		C5CD8EF020ECF2DE0074F18F /* libMySDK.a */ = {isa = PBXFileReference; explicitFileType = archive.ar; path = libMySDK.a; sourceTree = BUILT_PRODUCTS_DIR; };
		C5FE1DFD20ECF1CA00D45CD2 /* CollectionViewTest.app */ = {isa = PBXFileReference; explicitFileType = wrapper.application; includeInIndex = 0; path = CollectionViewTest.app; sourceTree = BUILT_PRODUCTS_DIR; };
		C5FE1E0020ECF1CA00D45CD2 /* AppDelegate.h */ = {isa = PBXFileReference; lastKnownFileType = sourcecode.c.h; path = AppDelegate.h; sourceTree = "<group>"; };
		C5FE1E0120ECF1CA00D45CD2 /* AppDelegate.m */ = {isa = PBXFileReference; lastKnownFileType = sourcecode.c.objc; path = AppDelegate.m; sourceTree = "<group>"; };
		C5FE1E0320ECF1CA00D45CD2 /* ViewController.h */ = {isa = PBXFileReference; lastKnownFileType = sourcecode.c.h; path = ViewController.h; sourceTree = "<group>"; };
		C5FE1E0420ECF1CA00D45CD2 /* ViewController.m */ = {isa = PBXFileReference; lastKnownFileType = sourcecode.c.objc; path = ViewController.m; sourceTree = "<group>"; };
		C5FE1E0720ECF1CA00D45CD2 /* Base */ = {isa = PBXFileReference; lastKnownFileType = file.storyboard; name = Base; path = Base.lproj/Main.storyboard; sourceTree = "<group>"; };
		C5FE1E0920ECF1CA00D45CD2 /* Assets.xcassets */ = {isa = PBXFileReference; lastKnownFileType = folder.assetcatalog; path = Assets.xcassets; sourceTree = "<group>"; };
		C5FE1E0C20ECF1CA00D45CD2 /* Base */ = {isa = PBXFileReference; lastKnownFileType = file.storyboard; name = Base; path = Base.lproj/LaunchScreen.storyboard; sourceTree = "<group>"; };
		C5FE1E0E20ECF1CA00D45CD2 /* Info.plist */ = {isa = PBXFileReference; lastKnownFileType = text.plist.xml; path = Info.plist; sourceTree = "<group>"; };
		C5FE1E0F20ECF1CA00D45CD2 /* main.m */ = {isa = PBXFileReference; lastKnownFileType = sourcecode.c.objc; path = main.m; sourceTree = "<group>"; };
		C5FE1E1520ECF1CA00D45CD2 /* CollectionViewTestTests.xctest */ = {isa = PBXFileReference; explicitFileType = wrapper.cfbundle; includeInIndex = 0; path = CollectionViewTestTests.xctest; sourceTree = BUILT_PRODUCTS_DIR; };
		C5FE1E1920ECF1CA00D45CD2 /* CollectionViewTestTests.m */ = {isa = PBXFileReference; lastKnownFileType = sourcecode.c.objc; path = CollectionViewTestTests.m; sourceTree = "<group>"; };
		C5FE1E1B20ECF1CA00D45CD2 /* Info.plist */ = {isa = PBXFileReference; lastKnownFileType = text.plist.xml; path = Info.plist; sourceTree = "<group>"; };
		C5FE1E2020ECF1CA00D45CD2 /* CollectionViewTestUITests.xctest */ = {isa = PBXFileReference; explicitFileType = wrapper.cfbundle; includeInIndex = 0; path = CollectionViewTestUITests.xctest; sourceTree = BUILT_PRODUCTS_DIR; };
		C5FE1E2420ECF1CA00D45CD2 /* CollectionViewTestUITests.m */ = {isa = PBXFileReference; lastKnownFileType = sourcecode.c.objc; path = CollectionViewTestUITests.m; sourceTree = "<group>"; };
		C5FE1E2620ECF1CA00D45CD2 /* Info.plist */ = {isa = PBXFileReference; lastKnownFileType = text.plist.xml; path = Info.plist; sourceTree = "<group>"; };
/* End PBXFileReference section */

/* Begin PBXFrameworksBuildPhase section */
		C5FE1DFA20ECF1CA00D45CD2 /* Frameworks */ = {
			isa = PBXFrameworksBuildPhase;
			buildActionMask = 2147483647;
			files = (
				C5CD8EEF20ECF2DE0074F18F /* libMySDK.a in Frameworks */,
				C8C79E1233F64060CC0C8515 /* libPods-CollectionViewTest.a in Frameworks */,
			);
			runOnlyForDeploymentPostprocessing = 0;
		};
		C5FE1E1220ECF1CA00D45CD2 /* Frameworks */ = {
			isa = PBXFrameworksBuildPhase;
			buildActionMask = 2147483647;
			files = (
			);
			runOnlyForDeploymentPostprocessing = 0;
		};
		C5FE1E1D20ECF1CA00D45CD2 /* Frameworks */ = {
			isa = PBXFrameworksBuildPhase;
			buildActionMask = 2147483647;
			files = (
			);
			runOnlyForDeploymentPostprocessing = 0;
		};
/* End PBXFrameworksBuildPhase section */

/* Begin PBXGroup section */
		113EB872402F03E40BA51C19 /* Pods */ = {
			isa = PBXGroup;
			children = (
				0A3A3697C473E9B767231FFC /* Pods-CollectionViewTest.debug.xcconfig */,
				88833E1B291527549506F4DC /* Pods-CollectionViewTest.release.xcconfig */,
			);
			name = Pods;
			sourceTree = "<group>";
		};
		C522600920EDAA1200CEFB2F /* Utils */ = {
			isa = PBXGroup;
			children = (
				C522600A20EDAAA000CEFB2F /* UtilMarco.pch */,
				C522601820EDC10A00CEFB2F /* YYUICommonDefines.h */,
			);
			path = Utils;
			sourceTree = "<group>";
		};
		C522600B20EDB65A00CEFB2F /* SubViewControllers */ = {
			isa = PBXGroup;
			children = (
				C522600C20EDB6DF00CEFB2F /* YYDragCellVC.h */,
				C522600D20EDB6DF00CEFB2F /* YYDragCellVC.m */,
			);
			path = SubViewControllers;
			sourceTree = "<group>";
		};
		C522600F20EDBBB100CEFB2F /* DragCellVC */ = {
			isa = PBXGroup;
			children = (
				C522601920EDC8D200CEFB2F /* View */,
				C522601420EDBC6B00CEFB2F /* FlowLayout */,
				C522601020EDBBEF00CEFB2F /* VC */,
			);
			path = DragCellVC;
			sourceTree = "<group>";
		};
		C522601020EDBBEF00CEFB2F /* VC */ = {
			isa = PBXGroup;
			children = (
				C522601120EDBC1700CEFB2F /* YYDragCellType1VC.h */,
				C522601220EDBC1700CEFB2F /* YYDragCellType1VC.m */,
			);
			path = VC;
			sourceTree = "<group>";
		};
		C522601420EDBC6B00CEFB2F /* FlowLayout */ = {
			isa = PBXGroup;
			children = (
				C522601520EDBEBF00CEFB2F /* YYFlowLayout.h */,
				C522601620EDBEBF00CEFB2F /* YYFlowLayout.m */,
			);
			path = FlowLayout;
			sourceTree = "<group>";
		};
		C522601920EDC8D200CEFB2F /* View */ = {
			isa = PBXGroup;
			children = (
				C522601A20EDC8E300CEFB2F /* Cell */,
			);
			path = View;
			sourceTree = "<group>";
		};
		C522601A20EDC8E300CEFB2F /* Cell */ = {
			isa = PBXGroup;
			children = (
				C522601C20EDC90C00CEFB2F /* IMEditItemCell.h */,
				C522601B20EDC90C00CEFB2F /* IMEditItemCell.m */,
			);
			path = Cell;
			sourceTree = "<group>";
		};
		C5CD8EEE20ECF2DE0074F18F /* Frameworks */ = {
			isa = PBXGroup;
			children = (
				C5CD8EF020ECF2DE0074F18F /* libMySDK.a */,
				971F92ECC4BE4C3E5132C42A /* libPods-CollectionViewTest.a */,
			);
			name = Frameworks;
			sourceTree = "<group>";
		};
		C5FE1DF420ECF1CA00D45CD2 = {
			isa = PBXGroup;
			children = (
				C5FE1DFF20ECF1CA00D45CD2 /* CollectionViewTest */,
				C5FE1E1820ECF1CA00D45CD2 /* CollectionViewTestTests */,
				C5FE1E2320ECF1CA00D45CD2 /* CollectionViewTestUITests */,
				C5FE1DFE20ECF1CA00D45CD2 /* Products */,
				C5CD8EEE20ECF2DE0074F18F /* Frameworks */,
				113EB872402F03E40BA51C19 /* Pods */,
			);
			sourceTree = "<group>";
		};
		C5FE1DFE20ECF1CA00D45CD2 /* Products */ = {
			isa = PBXGroup;
			children = (
				C5FE1DFD20ECF1CA00D45CD2 /* CollectionViewTest.app */,
				C5FE1E1520ECF1CA00D45CD2 /* CollectionViewTestTests.xctest */,
				C5FE1E2020ECF1CA00D45CD2 /* CollectionViewTestUITests.xctest */,
			);
			name = Products;
			sourceTree = "<group>";
		};
		C5FE1DFF20ECF1CA00D45CD2 /* CollectionViewTest */ = {
			isa = PBXGroup;
			children = (
				C5FE1E0020ECF1CA00D45CD2 /* AppDelegate.h */,
				C5FE1E0120ECF1CA00D45CD2 /* AppDelegate.m */,
				C5FE1E0320ECF1CA00D45CD2 /* ViewController.h */,
				C5FE1E0420ECF1CA00D45CD2 /* ViewController.m */,
				C522600B20EDB65A00CEFB2F /* SubViewControllers */,
				C522600F20EDBBB100CEFB2F /* DragCellVC */,
				C522600920EDAA1200CEFB2F /* Utils */,
				C5FE1E0620ECF1CA00D45CD2 /* Main.storyboard */,
				C5FE1E0920ECF1CA00D45CD2 /* Assets.xcassets */,
				C5FE1E0B20ECF1CA00D45CD2 /* LaunchScreen.storyboard */,
				C5FE1E0E20ECF1CA00D45CD2 /* Info.plist */,
				C5FE1E0F20ECF1CA00D45CD2 /* main.m */,
			);
			path = CollectionViewTest;
			sourceTree = "<group>";
		};
		C5FE1E1820ECF1CA00D45CD2 /* CollectionViewTestTests */ = {
			isa = PBXGroup;
			children = (
				C5FE1E1920ECF1CA00D45CD2 /* CollectionViewTestTests.m */,
				C5FE1E1B20ECF1CA00D45CD2 /* Info.plist */,
			);
			path = CollectionViewTestTests;
			sourceTree = "<group>";
		};
		C5FE1E2320ECF1CA00D45CD2 /* CollectionViewTestUITests */ = {
			isa = PBXGroup;
			children = (
				C5FE1E2420ECF1CA00D45CD2 /* CollectionViewTestUITests.m */,
				C5FE1E2620ECF1CA00D45CD2 /* Info.plist */,
			);
			path = CollectionViewTestUITests;
			sourceTree = "<group>";
		};
/* End PBXGroup section */

/* Begin PBXNativeTarget section */
		C5FE1DFC20ECF1CA00D45CD2 /* CollectionViewTest */ = {
			isa = PBXNativeTarget;
			buildConfigurationList = C5FE1E2920ECF1CA00D45CD2 /* Build configuration list for PBXNativeTarget "CollectionViewTest" */;
			buildPhases = (
				416687277EDF0A6DC9898487 /* [CP] Check Pods Manifest.lock */,
				C5FE1DF920ECF1CA00D45CD2 /* Sources */,
				C5FE1DFA20ECF1CA00D45CD2 /* Frameworks */,
				C5FE1DFB20ECF1CA00D45CD2 /* Resources */,
				FD1386AC056F7274F55640A9 /* [CP] Embed Pods Frameworks */,
				AA6759C3337D0586F6B3F320 /* [CP] Copy Pods Resources */,
			);
			buildRules = (
			);
			dependencies = (
			);
			name = CollectionViewTest;
			productName = CollectionViewTest;
			productReference = C5FE1DFD20ECF1CA00D45CD2 /* CollectionViewTest.app */;
			productType = "com.apple.product-type.application";
		};
		C5FE1E1420ECF1CA00D45CD2 /* CollectionViewTestTests */ = {
			isa = PBXNativeTarget;
			buildConfigurationList = C5FE1E2C20ECF1CA00D45CD2 /* Build configuration list for PBXNativeTarget "CollectionViewTestTests" */;
			buildPhases = (
				C5FE1E1120ECF1CA00D45CD2 /* Sources */,
				C5FE1E1220ECF1CA00D45CD2 /* Frameworks */,
				C5FE1E1320ECF1CA00D45CD2 /* Resources */,
			);
			buildRules = (
			);
			dependencies = (
				C5FE1E1720ECF1CA00D45CD2 /* PBXTargetDependency */,
			);
			name = CollectionViewTestTests;
			productName = CollectionViewTestTests;
			productReference = C5FE1E1520ECF1CA00D45CD2 /* CollectionViewTestTests.xctest */;
			productType = "com.apple.product-type.bundle.unit-test";
		};
		C5FE1E1F20ECF1CA00D45CD2 /* CollectionViewTestUITests */ = {
			isa = PBXNativeTarget;
			buildConfigurationList = C5FE1E2F20ECF1CA00D45CD2 /* Build configuration list for PBXNativeTarget "CollectionViewTestUITests" */;
			buildPhases = (
				C5FE1E1C20ECF1CA00D45CD2 /* Sources */,
				C5FE1E1D20ECF1CA00D45CD2 /* Frameworks */,
				C5FE1E1E20ECF1CA00D45CD2 /* Resources */,
			);
			buildRules = (
			);
			dependencies = (
				C5FE1E2220ECF1CA00D45CD2 /* PBXTargetDependency */,
			);
			name = CollectionViewTestUITests;
			productName = CollectionViewTestUITests;
			productReference = C5FE1E2020ECF1CA00D45CD2 /* CollectionViewTestUITests.xctest */;
			productType = "com.apple.product-type.bundle.ui-testing";
		};
/* End PBXNativeTarget section */

/* Begin PBXProject section */
		C5FE1DF520ECF1CA00D45CD2 /* Project object */ = {
			isa = PBXProject;
			attributes = {
				LastUpgradeCheck = 0920;
				ORGANIZATIONNAME = "杨赟";
				TargetAttributes = {
					C5FE1DFC20ECF1CA00D45CD2 = {
						CreatedOnToolsVersion = 9.2;
						ProvisioningStyle = Automatic;
					};
					C5FE1E1420ECF1CA00D45CD2 = {
						CreatedOnToolsVersion = 9.2;
						ProvisioningStyle = Automatic;
						TestTargetID = C5FE1DFC20ECF1CA00D45CD2;
					};
					C5FE1E1F20ECF1CA00D45CD2 = {
						CreatedOnToolsVersion = 9.2;
						ProvisioningStyle = Automatic;
						TestTargetID = C5FE1DFC20ECF1CA00D45CD2;
					};
				};
			};
			buildConfigurationList = C5FE1DF820ECF1CA00D45CD2 /* Build configuration list for PBXProject "CollectionViewTest" */;
			compatibilityVersion = "Xcode 8.0";
			developmentRegion = en;
			hasScannedForEncodings = 0;
			knownRegions = (
				en,
				Base,
			);
			mainGroup = C5FE1DF420ECF1CA00D45CD2;
			productRefGroup = C5FE1DFE20ECF1CA00D45CD2 /* Products */;
			projectDirPath = "";
			projectRoot = "";
			targets = (
				C5FE1DFC20ECF1CA00D45CD2 /* CollectionViewTest */,
				C5FE1E1420ECF1CA00D45CD2 /* CollectionViewTestTests */,
				C5FE1E1F20ECF1CA00D45CD2 /* CollectionViewTestUITests */,
			);
		};
/* End PBXProject section */

/* Begin PBXResourcesBuildPhase section */
		C5FE1DFB20ECF1CA00D45CD2 /* Resources */ = {
			isa = PBXResourcesBuildPhase;
			buildActionMask = 2147483647;
			files = (
				C5FE1E0D20ECF1CA00D45CD2 /* LaunchScreen.storyboard in Resources */,
				C5FE1E0A20ECF1CA00D45CD2 /* Assets.xcassets in Resources */,
				C5FE1E0820ECF1CA00D45CD2 /* Main.storyboard in Resources */,
			);
			runOnlyForDeploymentPostprocessing = 0;
		};
		C5FE1E1320ECF1CA00D45CD2 /* Resources */ = {
			isa = PBXResourcesBuildPhase;
			buildActionMask = 2147483647;
			files = (
			);
			runOnlyForDeploymentPostprocessing = 0;
		};
		C5FE1E1E20ECF1CA00D45CD2 /* Resources */ = {
			isa = PBXResourcesBuildPhase;
			buildActionMask = 2147483647;
			files = (
			);
			runOnlyForDeploymentPostprocessing = 0;
		};
/* End PBXResourcesBuildPhase section */

/* Begin PBXShellScriptBuildPhase section */
		416687277EDF0A6DC9898487 /* [CP] Check Pods Manifest.lock */ = {
			isa = PBXShellScriptBuildPhase;
			buildActionMask = 2147483647;
			files = (
			);
			inputPaths = (
				"${PODS_PODFILE_DIR_PATH}/Podfile.lock",
				"${PODS_ROOT}/Manifest.lock",
			);
			name = "[CP] Check Pods Manifest.lock";
			outputPaths = (
				"$(DERIVED_FILE_DIR)/Pods-CollectionViewTest-checkManifestLockResult.txt",
			);
			runOnlyForDeploymentPostprocessing = 0;
			shellPath = /bin/sh;
			shellScript = "diff \"${PODS_PODFILE_DIR_PATH}/Podfile.lock\" \"${PODS_ROOT}/Manifest.lock\" > /dev/null\nif [ $? != 0 ] ; then\n    # print error to STDERR\n    echo \"error: The sandbox is not in sync with the Podfile.lock. Run 'pod install' or update your CocoaPods installation.\" >&2\n    exit 1\nfi\n# This output is used by Xcode 'outputs' to avoid re-running this script phase.\necho \"SUCCESS\" > \"${SCRIPT_OUTPUT_FILE_0}\"\n";
			showEnvVarsInLog = 0;
		};
		AA6759C3337D0586F6B3F320 /* [CP] Copy Pods Resources */ = {
			isa = PBXShellScriptBuildPhase;
			buildActionMask = 2147483647;
			files = (
			);
			inputPaths = (
			);
			name = "[CP] Copy Pods Resources";
			outputPaths = (
			);
			runOnlyForDeploymentPostprocessing = 0;
			shellPath = /bin/sh;
			shellScript = "\"${SRCROOT}/../Pods/Target Support Files/Pods-CollectionViewTest/Pods-CollectionViewTest-resources.sh\"\n";
			showEnvVarsInLog = 0;
		};
		FD1386AC056F7274F55640A9 /* [CP] Embed Pods Frameworks */ = {
			isa = PBXShellScriptBuildPhase;
			buildActionMask = 2147483647;
			files = (
			);
			inputPaths = (
			);
			name = "[CP] Embed Pods Frameworks";
			outputPaths = (
			);
			runOnlyForDeploymentPostprocessing = 0;
			shellPath = /bin/sh;
			shellScript = "\"${SRCROOT}/../Pods/Target Support Files/Pods-CollectionViewTest/Pods-CollectionViewTest-frameworks.sh\"\n";
			showEnvVarsInLog = 0;
		};
/* End PBXShellScriptBuildPhase section */

/* Begin PBXSourcesBuildPhase section */
		C5FE1DF920ECF1CA00D45CD2 /* Sources */ = {
			isa = PBXSourcesBuildPhase;
			buildActionMask = 2147483647;
			files = (
				C5FE1E0520ECF1CA00D45CD2 /* ViewController.m in Sources */,
				C5FE1E1020ECF1CA00D45CD2 /* main.m in Sources */,
				C522600E20EDB6DF00CEFB2F /* YYDragCellVC.m in Sources */,
				C522601320EDBC1700CEFB2F /* YYDragCellType1VC.m in Sources */,
				C5FE1E0220ECF1CA00D45CD2 /* AppDelegate.m in Sources */,
				C522601D20EDC90C00CEFB2F /* IMEditItemCell.m in Sources */,
				C522601720EDBEBF00CEFB2F /* YYFlowLayout.m in Sources */,
			);
			runOnlyForDeploymentPostprocessing = 0;
		};
		C5FE1E1120ECF1CA00D45CD2 /* Sources */ = {
			isa = PBXSourcesBuildPhase;
			buildActionMask = 2147483647;
			files = (
				C5FE1E1A20ECF1CA00D45CD2 /* CollectionViewTestTests.m in Sources */,
			);
			runOnlyForDeploymentPostprocessing = 0;
		};
		C5FE1E1C20ECF1CA00D45CD2 /* Sources */ = {
			isa = PBXSourcesBuildPhase;
			buildActionMask = 2147483647;
			files = (
				C5FE1E2520ECF1CA00D45CD2 /* CollectionViewTestUITests.m in Sources */,
			);
			runOnlyForDeploymentPostprocessing = 0;
		};
/* End PBXSourcesBuildPhase section */

/* Begin PBXTargetDependency section */
		C5FE1E1720ECF1CA00D45CD2 /* PBXTargetDependency */ = {
			isa = PBXTargetDependency;
			target = C5FE1DFC20ECF1CA00D45CD2 /* CollectionViewTest */;
			targetProxy = C5FE1E1620ECF1CA00D45CD2 /* PBXContainerItemProxy */;
		};
		C5FE1E2220ECF1CA00D45CD2 /* PBXTargetDependency */ = {
			isa = PBXTargetDependency;
			target = C5FE1DFC20ECF1CA00D45CD2 /* CollectionViewTest */;
			targetProxy = C5FE1E2120ECF1CA00D45CD2 /* PBXContainerItemProxy */;
		};
/* End PBXTargetDependency section */

/* Begin PBXVariantGroup section */
		C5FE1E0620ECF1CA00D45CD2 /* Main.storyboard */ = {
			isa = PBXVariantGroup;
			children = (
				C5FE1E0720ECF1CA00D45CD2 /* Base */,
			);
			name = Main.storyboard;
			sourceTree = "<group>";
		};
		C5FE1E0B20ECF1CA00D45CD2 /* LaunchScreen.storyboard */ = {
			isa = PBXVariantGroup;
			children = (
				C5FE1E0C20ECF1CA00D45CD2 /* Base */,
			);
			name = LaunchScreen.storyboard;
			sourceTree = "<group>";
		};
/* End PBXVariantGroup section */

/* Begin XCBuildConfiguration section */
		C5FE1E2720ECF1CA00D45CD2 /* Debug */ = {
			isa = XCBuildConfiguration;
			buildSettings = {
				ALWAYS_SEARCH_USER_PATHS = NO;
				CLANG_ANALYZER_NONNULL = YES;
				CLANG_ANALYZER_NUMBER_OBJECT_CONVERSION = YES_AGGRESSIVE;
				CLANG_CXX_LANGUAGE_STANDARD = "gnu++14";
				CLANG_CXX_LIBRARY = "libc++";
				CLANG_ENABLE_MODULES = YES;
				CLANG_ENABLE_OBJC_ARC = YES;
				CLANG_WARN_BLOCK_CAPTURE_AUTORELEASING = YES;
				CLANG_WARN_BOOL_CONVERSION = YES;
				CLANG_WARN_COMMA = YES;
				CLANG_WARN_CONSTANT_CONVERSION = YES;
				CLANG_WARN_DIRECT_OBJC_ISA_USAGE = YES_ERROR;
				CLANG_WARN_DOCUMENTATION_COMMENTS = YES;
				CLANG_WARN_EMPTY_BODY = YES;
				CLANG_WARN_ENUM_CONVERSION = YES;
				CLANG_WARN_INFINITE_RECURSION = YES;
				CLANG_WARN_INT_CONVERSION = YES;
				CLANG_WARN_NON_LITERAL_NULL_CONVERSION = YES;
				CLANG_WARN_OBJC_LITERAL_CONVERSION = YES;
				CLANG_WARN_OBJC_ROOT_CLASS = YES_ERROR;
				CLANG_WARN_RANGE_LOOP_ANALYSIS = YES;
				CLANG_WARN_STRICT_PROTOTYPES = YES;
				CLANG_WARN_SUSPICIOUS_MOVE = YES;
				CLANG_WARN_UNGUARDED_AVAILABILITY = YES_AGGRESSIVE;
				CLANG_WARN_UNREACHABLE_CODE = YES;
				CLANG_WARN__DUPLICATE_METHOD_MATCH = YES;
				CODE_SIGN_IDENTITY = "iPhone Developer";
				COPY_PHASE_STRIP = NO;
				DEBUG_INFORMATION_FORMAT = dwarf;
				ENABLE_STRICT_OBJC_MSGSEND = YES;
				ENABLE_TESTABILITY = YES;
				GCC_C_LANGUAGE_STANDARD = gnu11;
				GCC_DYNAMIC_NO_PIC = NO;
				GCC_NO_COMMON_BLOCKS = YES;
				GCC_OPTIMIZATION_LEVEL = 0;
				GCC_PREPROCESSOR_DEFINITIONS = (
					"DEBUG=1",
					"$(inherited)",
				);
				GCC_WARN_64_TO_32_BIT_CONVERSION = YES;
				GCC_WARN_ABOUT_RETURN_TYPE = YES_ERROR;
				GCC_WARN_UNDECLARED_SELECTOR = YES;
				GCC_WARN_UNINITIALIZED_AUTOS = YES_AGGRESSIVE;
				GCC_WARN_UNUSED_FUNCTION = YES;
				GCC_WARN_UNUSED_VARIABLE = YES;
				IPHONEOS_DEPLOYMENT_TARGET = 8.0;
				MTL_ENABLE_DEBUG_INFO = YES;
				ONLY_ACTIVE_ARCH = YES;
				SDKROOT = iphoneos;
			};
			name = Debug;
		};
		C5FE1E2820ECF1CA00D45CD2 /* Release */ = {
			isa = XCBuildConfiguration;
			buildSettings = {
				ALWAYS_SEARCH_USER_PATHS = NO;
				CLANG_ANALYZER_NONNULL = YES;
				CLANG_ANALYZER_NUMBER_OBJECT_CONVERSION = YES_AGGRESSIVE;
				CLANG_CXX_LANGUAGE_STANDARD = "gnu++14";
				CLANG_CXX_LIBRARY = "libc++";
				CLANG_ENABLE_MODULES = YES;
				CLANG_ENABLE_OBJC_ARC = YES;
				CLANG_WARN_BLOCK_CAPTURE_AUTORELEASING = YES;
				CLANG_WARN_BOOL_CONVERSION = YES;
				CLANG_WARN_COMMA = YES;
				CLANG_WARN_CONSTANT_CONVERSION = YES;
				CLANG_WARN_DIRECT_OBJC_ISA_USAGE = YES_ERROR;
				CLANG_WARN_DOCUMENTATION_COMMENTS = YES;
				CLANG_WARN_EMPTY_BODY = YES;
				CLANG_WARN_ENUM_CONVERSION = YES;
				CLANG_WARN_INFINITE_RECURSION = YES;
				CLANG_WARN_INT_CONVERSION = YES;
				CLANG_WARN_NON_LITERAL_NULL_CONVERSION = YES;
				CLANG_WARN_OBJC_LITERAL_CONVERSION = YES;
				CLANG_WARN_OBJC_ROOT_CLASS = YES_ERROR;
				CLANG_WARN_RANGE_LOOP_ANALYSIS = YES;
				CLANG_WARN_STRICT_PROTOTYPES = YES;
				CLANG_WARN_SUSPICIOUS_MOVE = YES;
				CLANG_WARN_UNGUARDED_AVAILABILITY = YES_AGGRESSIVE;
				CLANG_WARN_UNREACHABLE_CODE = YES;
				CLANG_WARN__DUPLICATE_METHOD_MATCH = YES;
				CODE_SIGN_IDENTITY = "iPhone Developer";
				COPY_PHASE_STRIP = NO;
				DEBUG_INFORMATION_FORMAT = "dwarf-with-dsym";
				ENABLE_NS_ASSERTIONS = NO;
				ENABLE_STRICT_OBJC_MSGSEND = YES;
				GCC_C_LANGUAGE_STANDARD = gnu11;
				GCC_NO_COMMON_BLOCKS = YES;
				GCC_WARN_64_TO_32_BIT_CONVERSION = YES;
				GCC_WARN_ABOUT_RETURN_TYPE = YES_ERROR;
				GCC_WARN_UNDECLARED_SELECTOR = YES;
				GCC_WARN_UNINITIALIZED_AUTOS = YES_AGGRESSIVE;
				GCC_WARN_UNUSED_FUNCTION = YES;
				GCC_WARN_UNUSED_VARIABLE = YES;
				IPHONEOS_DEPLOYMENT_TARGET = 8.0;
				MTL_ENABLE_DEBUG_INFO = NO;
				SDKROOT = iphoneos;
				VALIDATE_PRODUCT = YES;
			};
			name = Release;
		};
		C5FE1E2A20ECF1CA00D45CD2 /* Debug */ = {
			isa = XCBuildConfiguration;
			baseConfigurationReference = 0A3A3697C473E9B767231FFC /* Pods-CollectionViewTest.debug.xcconfig */;
			buildSettings = {
				ASSETCATALOG_COMPILER_APPICON_NAME = AppIcon;
				CODE_SIGN_STYLE = Automatic;
				GCC_PRECOMPILE_PREFIX_HEADER = YES;
				GCC_PREFIX_HEADER = "$(SRCROOT)/CollectionviewTest/Utils/UtilMarco.pch";
				INFOPLIST_FILE = CollectionViewTest/Info.plist;
				LD_RUNPATH_SEARCH_PATHS = "$(inherited) @executable_path/Frameworks";
				LIBRARY_SEARCH_PATHS = "$(BUILT_PRODUCTS_DIR)/**";
				PRODUCT_BUNDLE_IDENTIFIER = com.Abletyang.CollectionViewTest;
				PRODUCT_NAME = "$(TARGET_NAME)";
				TARGETED_DEVICE_FAMILY = "1,2";
				USER_HEADER_SEARCH_PATHS = "$(BUILT_PRODUCTS_DIR)/**";
				USE_HEADERMAP = YES;
			};
			name = Debug;
		};
		C5FE1E2B20ECF1CA00D45CD2 /* Release */ = {
			isa = XCBuildConfiguration;
			baseConfigurationReference = 88833E1B291527549506F4DC /* Pods-CollectionViewTest.release.xcconfig */;
			buildSettings = {
				ASSETCATALOG_COMPILER_APPICON_NAME = AppIcon;
				CODE_SIGN_STYLE = Automatic;
				GCC_PRECOMPILE_PREFIX_HEADER = YES;
				GCC_PREFIX_HEADER = "$(SRCROOT)/CollectionviewTest/Utils/UtilMarco.pch";
				INFOPLIST_FILE = CollectionViewTest/Info.plist;
				LD_RUNPATH_SEARCH_PATHS = "$(inherited) @executable_path/Frameworks";
				LIBRARY_SEARCH_PATHS = "$(BUILT_PRODUCTS_DIR)/**";
				PRODUCT_BUNDLE_IDENTIFIER = com.Abletyang.CollectionViewTest;
				PRODUCT_NAME = "$(TARGET_NAME)";
				TARGETED_DEVICE_FAMILY = "1,2";
				USER_HEADER_SEARCH_PATHS = "$(BUILT_PRODUCTS_DIR)/**";
				USE_HEADERMAP = YES;
			};
			name = Release;
		};
		C5FE1E2D20ECF1CA00D45CD2 /* Debug */ = {
			isa = XCBuildConfiguration;
			buildSettings = {
				BUNDLE_LOADER = "$(TEST_HOST)";
				CODE_SIGN_STYLE = Automatic;
				INFOPLIST_FILE = CollectionViewTestTests/Info.plist;
				LD_RUNPATH_SEARCH_PATHS = "$(inherited) @executable_path/Frameworks @loader_path/Frameworks";
				PRODUCT_BUNDLE_IDENTIFIER = com.Abletyang.CollectionViewTestTests;
				PRODUCT_NAME = "$(TARGET_NAME)";
				TARGETED_DEVICE_FAMILY = "1,2";
				TEST_HOST = "$(BUILT_PRODUCTS_DIR)/CollectionViewTest.app/CollectionViewTest";
			};
			name = Debug;
		};
		C5FE1E2E20ECF1CA00D45CD2 /* Release */ = {
			isa = XCBuildConfiguration;
			buildSettings = {
				BUNDLE_LOADER = "$(TEST_HOST)";
				CODE_SIGN_STYLE = Automatic;
				INFOPLIST_FILE = CollectionViewTestTests/Info.plist;
				LD_RUNPATH_SEARCH_PATHS = "$(inherited) @executable_path/Frameworks @loader_path/Frameworks";
				PRODUCT_BUNDLE_IDENTIFIER = com.Abletyang.CollectionViewTestTests;
				PRODUCT_NAME = "$(TARGET_NAME)";
				TARGETED_DEVICE_FAMILY = "1,2";
				TEST_HOST = "$(BUILT_PRODUCTS_DIR)/CollectionViewTest.app/CollectionViewTest";
			};
			name = Release;
		};
		C5FE1E3020ECF1CA00D45CD2 /* Debug */ = {
			isa = XCBuildConfiguration;
			buildSettings = {
				CODE_SIGN_STYLE = Automatic;
				INFOPLIST_FILE = CollectionViewTestUITests/Info.plist;
				LD_RUNPATH_SEARCH_PATHS = "$(inherited) @executable_path/Frameworks @loader_path/Frameworks";
				PRODUCT_BUNDLE_IDENTIFIER = com.Abletyang.CollectionViewTestUITests;
				PRODUCT_NAME = "$(TARGET_NAME)";
				TARGETED_DEVICE_FAMILY = "1,2";
				TEST_TARGET_NAME = CollectionViewTest;
			};
			name = Debug;
		};
		C5FE1E3120ECF1CA00D45CD2 /* Release */ = {
			isa = XCBuildConfiguration;
			buildSettings = {
				CODE_SIGN_STYLE = Automatic;
				INFOPLIST_FILE = CollectionViewTestUITests/Info.plist;
				LD_RUNPATH_SEARCH_PATHS = "$(inherited) @executable_path/Frameworks @loader_path/Frameworks";
				PRODUCT_BUNDLE_IDENTIFIER = com.Abletyang.CollectionViewTestUITests;
				PRODUCT_NAME = "$(TARGET_NAME)";
				TARGETED_DEVICE_FAMILY = "1,2";
				TEST_TARGET_NAME = CollectionViewTest;
			};
			name = Release;
		};
/* End XCBuildConfiguration section */

/* Begin XCConfigurationList section */
		C5FE1DF820ECF1CA00D45CD2 /* Build configuration list for PBXProject "CollectionViewTest" */ = {
			isa = XCConfigurationList;
			buildConfigurations = (
				C5FE1E2720ECF1CA00D45CD2 /* Debug */,
				C5FE1E2820ECF1CA00D45CD2 /* Release */,
			);
			defaultConfigurationIsVisible = 0;
			defaultConfigurationName = Release;
		};
		C5FE1E2920ECF1CA00D45CD2 /* Build configuration list for PBXNativeTarget "CollectionViewTest" */ = {
			isa = XCConfigurationList;
			buildConfigurations = (
				C5FE1E2A20ECF1CA00D45CD2 /* Debug */,
				C5FE1E2B20ECF1CA00D45CD2 /* Release */,
			);
			defaultConfigurationIsVisible = 0;
			defaultConfigurationName = Release;
		};
		C5FE1E2C20ECF1CA00D45CD2 /* Build configuration list for PBXNativeTarget "CollectionViewTestTests" */ = {
			isa = XCConfigurationList;
			buildConfigurations = (
				C5FE1E2D20ECF1CA00D45CD2 /* Debug */,
				C5FE1E2E20ECF1CA00D45CD2 /* Release */,
			);
			defaultConfigurationIsVisible = 0;
			defaultConfigurationName = Release;
		};
		C5FE1E2F20ECF1CA00D45CD2 /* Build configuration list for PBXNativeTarget "CollectionViewTestUITests" */ = {
			isa = XCConfigurationList;
			buildConfigurations = (
				C5FE1E3020ECF1CA00D45CD2 /* Debug */,
				C5FE1E3120ECF1CA00D45CD2 /* Release */,
			);
			defaultConfigurationIsVisible = 0;
			defaultConfigurationName = Release;
		};
/* End XCConfigurationList section */
	};
	rootObject = C5FE1DF520ECF1CA00D45CD2 /* Project object */;
}
